
Microsoft Visual Studio Solution File, Format Version 12.00
# Visual Studio Version 17
VisualStudioVersion = 17.10.35013.160
MinimumVisualStudioVersion = 10.0.40219.1
Project("{9A19103F-16F7-4668-BE54-9A1E7A4F7556}") = "TraversalCoreProject", "TraversalCoreProject\TraversalCoreProject.csproj", "{48FA325A-A010-4600-AD70-E62FE0B6556D}"
EndProject
Project("{9A19103F-16F7-4668-BE54-9A1E7A4F7556}") = "TraversalCoreProject.EntityLayer", "TraversalCoreProject.EntityLayer\TraversalCoreProject.EntityLayer.csproj", "{EB57F74A-291C-442C-AE39-C18E424B63E7}"
EndProject
Project("{9A19103F-16F7-4668-BE54-9A1E7A4F7556}") = "TraversalCoreProject.DataAccessLayer", "TraversalCoreProject.DataAccessLayer\TraversalCoreProject.DataAccessLayer.csproj", "{CF1EE6F7-B482-4091-B2FC-A96B0F65C82D}"
EndProject
Project("{9A19103F-16F7-4668-BE54-9A1E7A4F7556}") = "TraversalCoreProject.BusinessLayer", "TraversalCoreProject.BusinessLayer\TraversalCoreProject.BusinessLayer.csproj", "{43220563-3231-434B-92F2-9444477727F5}"
EndProject
Project("{9A19103F-16F7-4668-BE54-9A1E7A4F7556}") = "TraversalCoreProject.DtoLayer", "TraversalCoreProject.DtoLayer\TraversalCoreProject.DtoLayer.csproj", "{71A38C1A-01F5-450D-97C0-33E06C08DCA9}"
EndProject
Project("{9A19103F-16F7-4668-BE54-9A1E7A4F7556}") = "SignalRApi", "SignalRApi\SignalRApi.csproj", "{1B00E9EE-A2EB-4A52-89E6-E1EFD0F1C0B6}"
EndProject
Project("{FAE04EC0-301F-11D3-BF4B-00C04F79EFBC}") = "SignalRConsume", "SignalRConsume\SignalRConsume.csproj", "{A69F39B8-6D43-42E1-B078-C984BAD3F95C}"
EndProject
Global
	GlobalSection(SolutionConfigurationPlatforms) = preSolution
		Debug|Any CPU = Debug|Any CPU
		Release|Any CPU = Release|Any CPU
	EndGlobalSection
	GlobalSection(ProjectConfigurationPlatforms) = postSolution
		{48FA325A-A010-4600-AD70-E62FE0B6556D}.Debug|Any CPU.ActiveCfg = Debug|Any CPU
		{48FA325A-A010-4600-AD70-E62FE0B6556D}.Debug|Any CPU.Build.0 = Debug|Any CPU
		{48FA325A-A010-4600-AD70-E62FE0B6556D}.Release|Any CPU.ActiveCfg = Release|Any CPU
		{48FA325A-A010-4600-AD70-E62FE0B6556D}.Release|Any CPU.Build.0 = Release|Any CPU
		{EB57F74A-291C-442C-AE39-C18E424B63E7}.Debug|Any CPU.ActiveCfg = Debug|Any CPU
		{EB57F74A-291C-442C-AE39-C18E424B63E7}.Debug|Any CPU.Build.0 = Debug|Any CPU
		{EB57F74A-291C-442C-AE39-C18E424B63E7}.Release|Any CPU.ActiveCfg = Release|Any CPU
		{EB57F74A-291C-442C-AE39-C18E424B63E7}.Release|Any CPU.Build.0 = Release|Any CPU
		{CF1EE6F7-B482-4091-B2FC-A96B0F65C82D}.Debug|Any CPU.ActiveCfg = Debug|Any CPU
		{CF1EE6F7-B482-4091-B2FC-A96B0F65C82D}.Debug|Any CPU.Build.0 = Debug|Any CPU
		{CF1EE6F7-B482-4091-B2FC-A96B0F65C82D}.Release|Any CPU.ActiveCfg = Release|Any CPU
		{CF1EE6F7-B482-4091-B2FC-A96B0F65C82D}.Release|Any CPU.Build.0 = Release|Any CPU
		{43220563-3231-434B-92F2-9444477727F5}.Debug|Any CPU.ActiveCfg = Debug|Any CPU
		{43220563-3231-434B-92F2-9444477727F5}.Debug|Any CPU.Build.0 = Debug|Any CPU
		{43220563-3231-434B-92F2-9444477727F5}.Release|Any CPU.ActiveCfg = Release|Any CPU
		{43220563-3231-434B-92F2-9444477727F5}.Release|Any CPU.Build.0 = Release|Any CPU
		{71A38C1A-01F5-450D-97C0-33E06C08DCA9}.Debug|Any CPU.ActiveCfg = Debug|Any CPU
		{71A38C1A-01F5-450D-97C0-33E06C08DCA9}.Debug|Any CPU.Build.0 = Debug|Any CPU
		{71A38C1A-01F5-450D-97C0-33E06C08DCA9}.Release|Any CPU.ActiveCfg = Release|Any CPU
		{71A38C1A-01F5-450D-97C0-33E06C08DCA9}.Release|Any CPU.Build.0 = Release|Any CPU
		{1B00E9EE-A2EB-4A52-89E6-E1EFD0F1C0B6}.Debug|Any CPU.ActiveCfg = Debug|Any CPU
		{1B00E9EE-A2EB-4A52-89E6-E1EFD0F1C0B6}.Debug|Any CPU.Build.0 = Debug|Any CPU
		{1B00E9EE-A2EB-4A52-89E6-E1EFD0F1C0B6}.Release|Any CPU.ActiveCfg = Release|Any CPU
		{1B00E9EE-A2EB-4A52-89E6-E1EFD0F1C0B6}.Release|Any CPU.Build.0 = Release|Any CPU
		{A69F39B8-6D43-42E1-B078-C984BAD3F95C}.Debug|Any CPU.ActiveCfg = Debug|Any CPU
		{A69F39B8-6D43-42E1-B078-C984BAD3F95C}.Debug|Any CPU.Build.0 = Debug|Any CPU
		{A69F39B8-6D43-42E1-B078-C984BAD3F95C}.Release|Any CPU.ActiveCfg = Release|Any CPU
		{A69F39B8-6D43-42E1-B078-C984BAD3F95C}.Release|Any CPU.Build.0 = Release|Any CPU
	EndGlobalSection
	GlobalSection(SolutionProperties) = preSolution
		HideSolutionNode = FALSE
	EndGlobalSection
	GlobalSection(ExtensibilityGlobals) = postSolution
		SolutionGuid = {7F9C81D4-D66A-4256-9B50-F36A466DD102}
	EndGlobalSection
EndGlobal
